
Microsoft Visual Studio Solution File, Format Version 12.00
# Visual Studio Version 17
VisualStudioVersion = 17.3.32901.215
MinimumVisualStudioVersion = 10.0.40219.1
Project("{FAE04EC0-301F-11D3-BF4B-00C04F79EFBC}") = "PhoneBook", "PhoneBook\PhoneBook.csproj", "{C3AA488A-A497-4C35-8385-15FB0C7173ED}"
EndProject
Project("{FAE04EC0-301F-11D3-BF4B-00C04F79EFBC}") = "PhoneBookTestProject", "PhoneBookTestProject\PhoneBookTestProject.csproj", "{C623061B-F29C-4FA9-8146-4862237D5650}"
EndProject
Global
	GlobalSection(SolutionConfigurationPlatforms) = preSolution
		Debug|Any CPU = Debug|Any CPU
		Release|Any CPU = Release|Any CPU
	EndGlobalSection
	GlobalSection(ProjectConfigurationPlatforms) = postSolution
		{C3AA488A-A497-4C35-8385-15FB0C7173ED}.Debug|Any CPU.ActiveCfg = Debug|Any CPU
		{C3AA488A-A497-4C35-8385-15FB0C7173ED}.Debug|Any CPU.Build.0 = Debug|Any CPU
		{C3AA488A-A497-4C35-8385-15FB0C7173ED}.Release|Any CPU.ActiveCfg = Release|Any CPU
		{C3AA488A-A497-4C35-8385-15FB0C7173ED}.Release|Any CPU.Build.0 = Release|Any CPU
		{C623061B-F29C-4FA9-8146-4862237D5650}.Debug|Any CPU.ActiveCfg = Debug|Any CPU
		{C623061B-F29C-4FA9-8146-4862237D5650}.Debug|Any CPU.Build.0 = Debug|Any CPU
		{C623061B-F29C-4FA9-8146-4862237D5650}.Release|Any CPU.ActiveCfg = Release|Any CPU
		{C623061B-F29C-4FA9-8146-4862237D5650}.Release|Any CPU.Build.0 = Release|Any CPU
	EndGlobalSection
	GlobalSection(SolutionProperties) = preSolution
		HideSolutionNode = FALSE
	EndGlobalSection
	GlobalSection(ExtensibilityGlobals) = postSolution
		SolutionGuid = {FF4D2E1D-731F-4B06-895A-8F1006A66772}
	EndGlobalSection
EndGlobal
